
Microsoft Visual Studio Solution File, Format Version 12.00
# Visual Studio Version 16
VisualStudioVersion = 16.0.29326.143
MinimumVisualStudioVersion = 10.0.40219.1
Project("{FAE04EC0-301F-11D3-BF4B-00C04F79EFBC}") = "PhotoEgg4.3", "PhotoEgg4.3\PhotoEgg4.3.csproj", "{34A49807-FC1E-4D11-91CC-9B86308B0C82}"
EndProject
Project("{8BC9CEB8-8B4A-11D0-8D11-00A0C91BC942}") = "PenDrawing", "PenDrawing\PenDrawing.vcxproj", "{C393A812-F6D3-464F-825F-190D73D3A3AF}"
EndProject
Global
	GlobalSection(SolutionConfigurationPlatforms) = preSolution
		Debug|Any CPU = Debug|Any CPU
		Debug|x64 = Debug|x64
		Debug|x86 = Debug|x86
		Release|Any CPU = Release|Any CPU
		Release|x64 = Release|x64
		Release|x86 = Release|x86
	EndGlobalSection
	GlobalSection(ProjectConfigurationPlatforms) = postSolution
		{34A49807-FC1E-4D11-91CC-9B86308B0C82}.Debug|Any CPU.ActiveCfg = Debug|Any CPU
		{34A49807-FC1E-4D11-91CC-9B86308B0C82}.Debug|Any CPU.Build.0 = Debug|Any CPU
		{34A49807-FC1E-4D11-91CC-9B86308B0C82}.Debug|x64.ActiveCfg = Debug|x64
		{34A49807-FC1E-4D11-91CC-9B86308B0C82}.Debug|x64.Build.0 = Debug|x64
		{34A49807-FC1E-4D11-91CC-9B86308B0C82}.Debug|x86.ActiveCfg = Debug|Any CPU
		{34A49807-FC1E-4D11-91CC-9B86308B0C82}.Debug|x86.Build.0 = Debug|Any CPU
		{34A49807-FC1E-4D11-91CC-9B86308B0C82}.Release|Any CPU.ActiveCfg = Release|Any CPU
		{34A49807-FC1E-4D11-91CC-9B86308B0C82}.Release|Any CPU.Build.0 = Release|Any CPU
		{34A49807-FC1E-4D11-91CC-9B86308B0C82}.Release|x64.ActiveCfg = Release|x64
		{34A49807-FC1E-4D11-91CC-9B86308B0C82}.Release|x64.Build.0 = Release|x64
		{34A49807-FC1E-4D11-91CC-9B86308B0C82}.Release|x86.ActiveCfg = Release|Any CPU
		{34A49807-FC1E-4D11-91CC-9B86308B0C82}.Release|x86.Build.0 = Release|Any CPU
		{C393A812-F6D3-464F-825F-190D73D3A3AF}.Debug|Any CPU.ActiveCfg = Debug|Win32
		{C393A812-F6D3-464F-825F-190D73D3A3AF}.Debug|x64.ActiveCfg = Debug|x64
		{C393A812-F6D3-464F-825F-190D73D3A3AF}.Debug|x64.Build.0 = Debug|x64
		{C393A812-F6D3-464F-825F-190D73D3A3AF}.Debug|x86.ActiveCfg = Debug|Win32
		{C393A812-F6D3-464F-825F-190D73D3A3AF}.Debug|x86.Build.0 = Debug|Win32
		{C393A812-F6D3-464F-825F-190D73D3A3AF}.Release|Any CPU.ActiveCfg = Release|Win32
		{C393A812-F6D3-464F-825F-190D73D3A3AF}.Release|x64.ActiveCfg = Release|x64
		{C393A812-F6D3-464F-825F-190D73D3A3AF}.Release|x64.Build.0 = Release|x64
		{C393A812-F6D3-464F-825F-190D73D3A3AF}.Release|x86.ActiveCfg = Release|Win32
		{C393A812-F6D3-464F-825F-190D73D3A3AF}.Release|x86.Build.0 = Release|Win32
	EndGlobalSection
	GlobalSection(SolutionProperties) = preSolution
		HideSolutionNode = FALSE
	EndGlobalSection
	GlobalSection(ExtensibilityGlobals) = postSolution
		SolutionGuid = {D7087F15-2A12-47C9-94B2-819E70ACDFB2}
	EndGlobalSection
EndGlobal
